# THIS IS AN AUTOGENERATED FILE. DO NOT EDIT THIS FILE DIRECTLY.
# yarn lockfile v1


"@openzeppelin/contracts-upgradeable@^4.3.2":
  version "4.3.2"
  resolved "https://registry.npmjs.org/@openzeppelin/contracts-upgradeable/-/contracts-upgradeable-4.3.2.tgz#92df481362e366c388fc02133cf793029c744cea"
  integrity sha512-i/pOaOtcqDk4UqsrOv735uYyTbn6dvfiuVu5hstsgV6c4ZKUtu88/31zT2BzkCg+3JfcwOfgg2TtRKVKKZIGkQ==
